
Microsoft Visual Studio Solution File, Format Version 12.00
# Visual Studio Version 17
VisualStudioVersion = 17.0.31903.59
MinimumVisualStudioVersion = 10.0.40219.1
Project("{2150E333-8FDC-42A3-9474-1A3956D46DE8}") = "src", "src", "{827E0CD3-B72D-47B6-A68D-7590B98EB39B}"
EndProject
Project("{FAE04EC0-301F-11D3-BF4B-00C04F79EFBC}") = "Prata.Domain", "src\Prata.Domain\Prata.Domain.csproj", "{3D67A5AA-56DE-4CA3-B511-946FD0DF002D}"
EndProject
Project("{FAE04EC0-301F-11D3-BF4B-00C04F79EFBC}") = "Prata.Application", "src\Prata.Application\Prata.Application.csproj", "{AE32EDA8-47C4-4BA9-8BF3-6AF650AA74FE}"
EndProject
Project("{FAE04EC0-301F-11D3-BF4B-00C04F79EFBC}") = "Prata.Infrastructure", "src\Prata.Infrastructure\Prata.Infrastructure.csproj", "{F3A0E9CB-9995-4097-8F5D-4C3ED1F78FEE}"
EndProject
Project("{FAE04EC0-301F-11D3-BF4B-00C04F79EFBC}") = "Prata.Api", "src\Prata.Api\Prata.Api.csproj", "{E4E27B05-8831-43F5-976F-F05CF24097DB}"
EndProject
Project("{FAE04EC0-301F-11D3-BF4B-00C04F79EFBC}") = "Prata.Worker", "src\Prata.Worker\Prata.Worker.csproj", "{48E5F900-5862-4DA4-BE8C-7C0F9B1650EB}"
EndProject
Project("{2150E333-8FDC-42A3-9474-1A3956D46DE8}") = "tests", "tests", "{0AB3BF05-4346-4AA6-1389-037BE0695223}"
EndProject
Project("{FAE04EC0-301F-11D3-BF4B-00C04F79EFBC}") = "Prata.Domain.Tests", "tests\Prata.Domain.Tests\Prata.Domain.Tests.csproj", "{0282B002-EAFD-45A1-AD16-698AAACED9BC}"
EndProject
Project("{FAE04EC0-301F-11D3-BF4B-00C04F79EFBC}") = "Prata.Application.Tests", "tests\Prata.Application.Tests\Prata.Application.Tests.csproj", "{2DAA2469-1B7B-4218-9DA2-848B8AFA11F3}"
EndProject
Project("{FAE04EC0-301F-11D3-BF4B-00C04F79EFBC}") = "Prata.Api.IntegrationTests", "tests\Prata.Api.IntegrationTests\Prata.Api.IntegrationTests.csproj", "{626EDB96-2052-4A7D-A54C-03FE5FFB086B}"
EndProject
Global
	GlobalSection(SolutionConfigurationPlatforms) = preSolution
		Debug|Any CPU = Debug|Any CPU
		Debug|x64 = Debug|x64
		Debug|x86 = Debug|x86
		Release|Any CPU = Release|Any CPU
		Release|x64 = Release|x64
		Release|x86 = Release|x86
	EndGlobalSection
	GlobalSection(ProjectConfigurationPlatforms) = postSolution
		{3D67A5AA-56DE-4CA3-B511-946FD0DF002D}.Debug|Any CPU.ActiveCfg = Debug|Any CPU
		{3D67A5AA-56DE-4CA3-B511-946FD0DF002D}.Debug|Any CPU.Build.0 = Debug|Any CPU
		{3D67A5AA-56DE-4CA3-B511-946FD0DF002D}.Debug|x64.ActiveCfg = Debug|Any CPU
		{3D67A5AA-56DE-4CA3-B511-946FD0DF002D}.Debug|x64.Build.0 = Debug|Any CPU
		{3D67A5AA-56DE-4CA3-B511-946FD0DF002D}.Debug|x86.ActiveCfg = Debug|Any CPU
		{3D67A5AA-56DE-4CA3-B511-946FD0DF002D}.Debug|x86.Build.0 = Debug|Any CPU
		{3D67A5AA-56DE-4CA3-B511-946FD0DF002D}.Release|Any CPU.ActiveCfg = Release|Any CPU
		{3D67A5AA-56DE-4CA3-B511-946FD0DF002D}.Release|Any CPU.Build.0 = Release|Any CPU
		{3D67A5AA-56DE-4CA3-B511-946FD0DF002D}.Release|x64.ActiveCfg = Release|Any CPU
		{3D67A5AA-56DE-4CA3-B511-946FD0DF002D}.Release|x64.Build.0 = Release|Any CPU
		{3D67A5AA-56DE-4CA3-B511-946FD0DF002D}.Release|x86.ActiveCfg = Release|Any CPU
		{3D67A5AA-56DE-4CA3-B511-946FD0DF002D}.Release|x86.Build.0 = Release|Any CPU
		{AE32EDA8-47C4-4BA9-8BF3-6AF650AA74FE}.Debug|Any CPU.ActiveCfg = Debug|Any CPU
		{AE32EDA8-47C4-4BA9-8BF3-6AF650AA74FE}.Debug|Any CPU.Build.0 = Debug|Any CPU
		{AE32EDA8-47C4-4BA9-8BF3-6AF650AA74FE}.Debug|x64.ActiveCfg = Debug|Any CPU
		{AE32EDA8-47C4-4BA9-8BF3-6AF650AA74FE}.Debug|x64.Build.0 = Debug|Any CPU
		{AE32EDA8-47C4-4BA9-8BF3-6AF650AA74FE}.Debug|x86.ActiveCfg = Debug|Any CPU
		{AE32EDA8-47C4-4BA9-8BF3-6AF650AA74FE}.Debug|x86.Build.0 = Debug|Any CPU
		{AE32EDA8-47C4-4BA9-8BF3-6AF650AA74FE}.Release|Any CPU.ActiveCfg = Release|Any CPU
		{AE32EDA8-47C4-4BA9-8BF3-6AF650AA74FE}.Release|Any CPU.Build.0 = Release|Any CPU
		{AE32EDA8-47C4-4BA9-8BF3-6AF650AA74FE}.Release|x64.ActiveCfg = Release|Any CPU
		{AE32EDA8-47C4-4BA9-8BF3-6AF650AA74FE}.Release|x64.Build.0 = Release|Any CPU
		{AE32EDA8-47C4-4BA9-8BF3-6AF650AA74FE}.Release|x86.ActiveCfg = Release|Any CPU
		{AE32EDA8-47C4-4BA9-8BF3-6AF650AA74FE}.Release|x86.Build.0 = Release|Any CPU
		{F3A0E9CB-9995-4097-8F5D-4C3ED1F78FEE}.Debug|Any CPU.ActiveCfg = Debug|Any CPU
		{F3A0E9CB-9995-4097-8F5D-4C3ED1F78FEE}.Debug|Any CPU.Build.0 = Debug|Any CPU
		{F3A0E9CB-9995-4097-8F5D-4C3ED1F78FEE}.Debug|x64.ActiveCfg = Debug|Any CPU
		{F3A0E9CB-9995-4097-8F5D-4C3ED1F78FEE}.Debug|x64.Build.0 = Debug|Any CPU
		{F3A0E9CB-9995-4097-8F5D-4C3ED1F78FEE}.Debug|x86.ActiveCfg = Debug|Any CPU
		{F3A0E9CB-9995-4097-8F5D-4C3ED1F78FEE}.Debug|x86.Build.0 = Debug|Any CPU
		{F3A0E9CB-9995-4097-8F5D-4C3ED1F78FEE}.Release|Any CPU.ActiveCfg = Release|Any CPU
		{F3A0E9CB-9995-4097-8F5D-4C3ED1F78FEE}.Release|Any CPU.Build.0 = Release|Any CPU
		{F3A0E9CB-9995-4097-8F5D-4C3ED1F78FEE}.Release|x64.ActiveCfg = Release|Any CPU
		{F3A0E9CB-9995-4097-8F5D-4C3ED1F78FEE}.Release|x64.Build.0 = Release|Any CPU
		{F3A0E9CB-9995-4097-8F5D-4C3ED1F78FEE}.Release|x86.ActiveCfg = Release|Any CPU
		{F3A0E9CB-9995-4097-8F5D-4C3ED1F78FEE}.Release|x86.Build.0 = Release|Any CPU
		{E4E27B05-8831-43F5-976F-F05CF24097DB}.Debug|Any CPU.ActiveCfg = Debug|Any CPU
		{E4E27B05-8831-43F5-976F-F05CF24097DB}.Debug|Any CPU.Build.0 = Debug|Any CPU
		{E4E27B05-8831-43F5-976F-F05CF24097DB}.Debug|x64.ActiveCfg = Debug|Any CPU
		{E4E27B05-8831-43F5-976F-F05CF24097DB}.Debug|x64.Build.0 = Debug|Any CPU
		{E4E27B05-8831-43F5-976F-F05CF24097DB}.Debug|x86.ActiveCfg = Debug|Any CPU
		{E4E27B05-8831-43F5-976F-F05CF24097DB}.Debug|x86.Build.0 = Debug|Any CPU
		{E4E27B05-8831-43F5-976F-F05CF24097DB}.Release|Any CPU.ActiveCfg = Release|Any CPU
		{E4E27B05-8831-43F5-976F-F05CF24097DB}.Release|Any CPU.Build.0 = Release|Any CPU
		{E4E27B05-8831-43F5-976F-F05CF24097DB}.Release|x64.ActiveCfg = Release|Any CPU
		{E4E27B05-8831-43F5-976F-F05CF24097DB}.Release|x64.Build.0 = Release|Any CPU
		{E4E27B05-8831-43F5-976F-F05CF24097DB}.Release|x86.ActiveCfg = Release|Any CPU
		{E4E27B05-8831-43F5-976F-F05CF24097DB}.Release|x86.Build.0 = Release|Any CPU
		{48E5F900-5862-4DA4-BE8C-7C0F9B1650EB}.Debug|Any CPU.ActiveCfg = Debug|Any CPU
		{48E5F900-5862-4DA4-BE8C-7C0F9B1650EB}.Debug|Any CPU.Build.0 = Debug|Any CPU
		{48E5F900-5862-4DA4-BE8C-7C0F9B1650EB}.Debug|x64.ActiveCfg = Debug|Any CPU
		{48E5F900-5862-4DA4-BE8C-7C0F9B1650EB}.Debug|x64.Build.0 = Debug|Any CPU
		{48E5F900-5862-4DA4-BE8C-7C0F9B1650EB}.Debug|x86.ActiveCfg = Debug|Any CPU
		{48E5F900-5862-4DA4-BE8C-7C0F9B1650EB}.Debug|x86.Build.0 = Debug|Any CPU
		{48E5F900-5862-4DA4-BE8C-7C0F9B1650EB}.Release|Any CPU.ActiveCfg = Release|Any CPU
		{48E5F900-5862-4DA4-BE8C-7C0F9B1650EB}.Release|Any CPU.Build.0 = Release|Any CPU
		{48E5F900-5862-4DA4-BE8C-7C0F9B1650EB}.Release|x64.ActiveCfg = Release|Any CPU
		{48E5F900-5862-4DA4-BE8C-7C0F9B1650EB}.Release|x64.Build.0 = Release|Any CPU
		{48E5F900-5862-4DA4-BE8C-7C0F9B1650EB}.Release|x86.ActiveCfg = Release|Any CPU
		{48E5F900-5862-4DA4-BE8C-7C0F9B1650EB}.Release|x86.Build.0 = Release|Any CPU
		{0282B002-EAFD-45A1-AD16-698AAACED9BC}.Debug|Any CPU.ActiveCfg = Debug|Any CPU
		{0282B002-EAFD-45A1-AD16-698AAACED9BC}.Debug|Any CPU.Build.0 = Debug|Any CPU
		{0282B002-EAFD-45A1-AD16-698AAACED9BC}.Debug|x64.ActiveCfg = Debug|Any CPU
		{0282B002-EAFD-45A1-AD16-698AAACED9BC}.Debug|x64.Build.0 = Debug|Any CPU
		{0282B002-EAFD-45A1-AD16-698AAACED9BC}.Debug|x86.ActiveCfg = Debug|Any CPU
		{0282B002-EAFD-45A1-AD16-698AAACED9BC}.Debug|x86.Build.0 = Debug|Any CPU
		{0282B002-EAFD-45A1-AD16-698AAACED9BC}.Release|Any CPU.ActiveCfg = Release|Any CPU
		{0282B002-EAFD-45A1-AD16-698AAACED9BC}.Release|Any CPU.Build.0 = Release|Any CPU
		{0282B002-EAFD-45A1-AD16-698AAACED9BC}.Release|x64.ActiveCfg = Release|Any CPU
		{0282B002-EAFD-45A1-AD16-698AAACED9BC}.Release|x64.Build.0 = Release|Any CPU
		{0282B002-EAFD-45A1-AD16-698AAACED9BC}.Release|x86.ActiveCfg = Release|Any CPU
		{0282B002-EAFD-45A1-AD16-698AAACED9BC}.Release|x86.Build.0 = Release|Any CPU
		{2DAA2469-1B7B-4218-9DA2-848B8AFA11F3}.Debug|Any CPU.ActiveCfg = Debug|Any CPU
		{2DAA2469-1B7B-4218-9DA2-848B8AFA11F3}.Debug|Any CPU.Build.0 = Debug|Any CPU
		{2DAA2469-1B7B-4218-9DA2-848B8AFA11F3}.Debug|x64.ActiveCfg = Debug|Any CPU
		{2DAA2469-1B7B-4218-9DA2-848B8AFA11F3}.Debug|x64.Build.0 = Debug|Any CPU
		{2DAA2469-1B7B-4218-9DA2-848B8AFA11F3}.Debug|x86.ActiveCfg = Debug|Any CPU
		{2DAA2469-1B7B-4218-9DA2-848B8AFA11F3}.Debug|x86.Build.0 = Debug|Any CPU
		{2DAA2469-1B7B-4218-9DA2-848B8AFA11F3}.Release|Any CPU.ActiveCfg = Release|Any CPU
		{2DAA2469-1B7B-4218-9DA2-848B8AFA11F3}.Release|Any CPU.Build.0 = Release|Any CPU
		{2DAA2469-1B7B-4218-9DA2-848B8AFA11F3}.Release|x64.ActiveCfg = Release|Any CPU
		{2DAA2469-1B7B-4218-9DA2-848B8AFA11F3}.Release|x64.Build.0 = Release|Any CPU
		{2DAA2469-1B7B-4218-9DA2-848B8AFA11F3}.Release|x86.ActiveCfg = Release|Any CPU
		{2DAA2469-1B7B-4218-9DA2-848B8AFA11F3}.Release|x86.Build.0 = Release|Any CPU
		{626EDB96-2052-4A7D-A54C-03FE5FFB086B}.Debug|Any CPU.ActiveCfg = Debug|Any CPU
		{626EDB96-2052-4A7D-A54C-03FE5FFB086B}.Debug|Any CPU.Build.0 = Debug|Any CPU
		{626EDB96-2052-4A7D-A54C-03FE5FFB086B}.Debug|x64.ActiveCfg = Debug|Any CPU
		{626EDB96-2052-4A7D-A54C-03FE5FFB086B}.Debug|x64.Build.0 = Debug|Any CPU
		{626EDB96-2052-4A7D-A54C-03FE5FFB086B}.Debug|x86.ActiveCfg = Debug|Any CPU
		{626EDB96-2052-4A7D-A54C-03FE5FFB086B}.Debug|x86.Build.0 = Debug|Any CPU
		{626EDB96-2052-4A7D-A54C-03FE5FFB086B}.Release|Any CPU.ActiveCfg = Release|Any CPU
		{626EDB96-2052-4A7D-A54C-03FE5FFB086B}.Release|Any CPU.Build.0 = Release|Any CPU
		{626EDB96-2052-4A7D-A54C-03FE5FFB086B}.Release|x64.ActiveCfg = Release|Any CPU
		{626EDB96-2052-4A7D-A54C-03FE5FFB086B}.Release|x64.Build.0 = Release|Any CPU
		{626EDB96-2052-4A7D-A54C-03FE5FFB086B}.Release|x86.ActiveCfg = Release|Any CPU
		{626EDB96-2052-4A7D-A54C-03FE5FFB086B}.Release|x86.Build.0 = Release|Any CPU
	EndGlobalSection
	GlobalSection(SolutionProperties) = preSolution
		HideSolutionNode = FALSE
	EndGlobalSection
	GlobalSection(NestedProjects) = preSolution
		{3D67A5AA-56DE-4CA3-B511-946FD0DF002D} = {827E0CD3-B72D-47B6-A68D-7590B98EB39B}
		{AE32EDA8-47C4-4BA9-8BF3-6AF650AA74FE} = {827E0CD3-B72D-47B6-A68D-7590B98EB39B}
		{F3A0E9CB-9995-4097-8F5D-4C3ED1F78FEE} = {827E0CD3-B72D-47B6-A68D-7590B98EB39B}
		{E4E27B05-8831-43F5-976F-F05CF24097DB} = {827E0CD3-B72D-47B6-A68D-7590B98EB39B}
		{48E5F900-5862-4DA4-BE8C-7C0F9B1650EB} = {827E0CD3-B72D-47B6-A68D-7590B98EB39B}
		{0282B002-EAFD-45A1-AD16-698AAACED9BC} = {0AB3BF05-4346-4AA6-1389-037BE0695223}
		{2DAA2469-1B7B-4218-9DA2-848B8AFA11F3} = {0AB3BF05-4346-4AA6-1389-037BE0695223}
		{626EDB96-2052-4A7D-A54C-03FE5FFB086B} = {0AB3BF05-4346-4AA6-1389-037BE0695223}
	EndGlobalSection
EndGlobal
